
Microsoft Visual Studio Solution File, Format Version 12.00
# Visual Studio Version 17
VisualStudioVersion = 17.10.35027.167
MinimumVisualStudioVersion = 10.0.40219.1
Project("{FAE04EC0-301F-11D3-BF4B-00C04F79EFBC}") = "Patikaflix", "Patikaflix\Patikaflix.csproj", "{AC896F2D-6FCD-49EF-A425-D1FF660A8205}"
EndProject
Global
	GlobalSection(SolutionConfigurationPlatforms) = preSolution
		Debug|Any CPU = Debug|Any CPU
		Release|Any CPU = Release|Any CPU
	EndGlobalSection
	GlobalSection(ProjectConfigurationPlatforms) = postSolution
		{AC896F2D-6FCD-49EF-A425-D1FF660A8205}.Debug|Any CPU.ActiveCfg = Debug|Any CPU
		{AC896F2D-6FCD-49EF-A425-D1FF660A8205}.Debug|Any CPU.Build.0 = Debug|Any CPU
		{AC896F2D-6FCD-49EF-A425-D1FF660A8205}.Release|Any CPU.ActiveCfg = Release|Any CPU
		{AC896F2D-6FCD-49EF-A425-D1FF660A8205}.Release|Any CPU.Build.0 = Release|Any CPU
	EndGlobalSection
	GlobalSection(SolutionProperties) = preSolution
		HideSolutionNode = FALSE
	EndGlobalSection
	GlobalSection(ExtensibilityGlobals) = postSolution
		SolutionGuid = {2C8ACAF5-19DD-422E-B073-2598CDB6A086}
	EndGlobalSection
EndGlobal
